// !$*UTF8*$!
{
	archiveVersion = 1;
	classes = {
	};
	objectVersion = 50;
	objects = {

/* Begin PBXBuildFile section */
		075D97AD293CEB61007DAC82 /* AppDelegate.swift in Sources */ = {isa = PBXBuildFile; fileRef = 075D97AC293CEB61007DAC82 /* AppDelegate.swift */; };
		075D97AF293CEB61007DAC82 /* SceneDelegate.swift in Sources */ = {isa = PBXBuildFile; fileRef = 075D97AE293CEB61007DAC82 /* SceneDelegate.swift */; };
		075D97B1293CEB61007DAC82 /* ViewController.swift in Sources */ = {isa = PBXBuildFile; fileRef = 075D97B0293CEB61007DAC82 /* ViewController.swift */; };
		075D97B4293CEB61007DAC82 /* Main.storyboard in Resources */ = {isa = PBXBuildFile; fileRef = 075D97B2293CEB61007DAC82 /* Main.storyboard */; };
		075D97B6293CEB62007DAC82 /* Assets.xcassets in Resources */ = {isa = PBXBuildFile; fileRef = 075D97B5293CEB62007DAC82 /* Assets.xcassets */; };
		075D97B9293CEB62007DAC82 /* LaunchScreen.storyboard in Resources */ = {isa = PBXBuildFile; fileRef = 075D97B7293CEB62007DAC82 /* LaunchScreen.storyboard */; };
		075D97C4293CEB62007DAC82 /* AlamofierDemoTests.swift in Sources */ = {isa = PBXBuildFile; fileRef = 075D97C3293CEB62007DAC82 /* AlamofierDemoTests.swift */; };
		075D97CF293CEB62007DAC82 /* AlamofierDemoUITests.swift in Sources */ = {isa = PBXBuildFile; fileRef = 075D97CE293CEB62007DAC82 /* AlamofierDemoUITests.swift */; };
/* End PBXBuildFile section */

/* Begin PBXContainerItemProxy section */
		075D97C0293CEB62007DAC82 /* PBXContainerItemProxy */ = {
			isa = PBXContainerItemProxy;
			containerPortal = 075D97A1293CEB61007DAC82 /* Project object */;
			proxyType = 1;
			remoteGlobalIDString = 075D97A8293CEB61007DAC82;
			remoteInfo = AlamofierDemo;
		};
		075D97CB293CEB62007DAC82 /* PBXContainerItemProxy */ = {
			isa = PBXContainerItemProxy;
			containerPortal = 075D97A1293CEB61007DAC82 /* Project object */;
			proxyType = 1;
			remoteGlobalIDString = 075D97A8293CEB61007DAC82;
			remoteInfo = AlamofierDemo;
		};
/* End PBXContainerItemProxy section */

/* Begin PBXFileReference section */
		075D97A9293CEB61007DAC82 /* AlamofierDemo.app */ = {isa = PBXFileReference; explicitFileType = wrapper.application; includeInIndex = 0; path = AlamofierDemo.app; sourceTree = BUILT_PRODUCTS_DIR; };
		075D97AC293CEB61007DAC82 /* AppDelegate.swift */ = {isa = PBXFileReference; lastKnownFileType = sourcecode.swift; path = AppDelegate.swift; sourceTree = "<group>"; };
		075D97AE293CEB61007DAC82 /* SceneDelegate.swift */ = {isa = PBXFileReference; lastKnownFileType = sourcecode.swift; path = SceneDelegate.swift; sourceTree = "<group>"; };
		075D97B0293CEB61007DAC82 /* ViewController.swift */ = {isa = PBXFileReference; lastKnownFileType = sourcecode.swift; path = ViewController.swift; sourceTree = "<group>"; };
		075D97B3293CEB61007DAC82 /* Base */ = {isa = PBXFileReference; lastKnownFileType = file.storyboard; name = Base; path = Base.lproj/Main.storyboard; sourceTree = "<group>"; };
		075D97B5293CEB62007DAC82 /* Assets.xcassets */ = {isa = PBXFileReference; lastKnownFileType = folder.assetcatalog; path = Assets.xcassets; sourceTree = "<group>"; };
		075D97B8293CEB62007DAC82 /* Base */ = {isa = PBXFileReference; lastKnownFileType = file.storyboard; name = Base; path = Base.lproj/LaunchScreen.storyboard; sourceTree = "<group>"; };
		075D97BA293CEB62007DAC82 /* Info.plist */ = {isa = PBXFileReference; lastKnownFileType = text.plist.xml; path = Info.plist; sourceTree = "<group>"; };
		075D97BF293CEB62007DAC82 /* AlamofierDemoTests.xctest */ = {isa = PBXFileReference; explicitFileType = wrapper.cfbundle; includeInIndex = 0; path = AlamofierDemoTests.xctest; sourceTree = BUILT_PRODUCTS_DIR; };
		075D97C3293CEB62007DAC82 /* AlamofierDemoTests.swift */ = {isa = PBXFileReference; lastKnownFileType = sourcecode.swift; path = AlamofierDemoTests.swift; sourceTree = "<group>"; };
		075D97C5293CEB62007DAC82 /* Info.plist */ = {isa = PBXFileReference; lastKnownFileType = text.plist.xml; path = Info.plist; sourceTree = "<group>"; };
		075D97CA293CEB62007DAC82 /* AlamofierDemoUITests.xctest */ = {isa = PBXFileReference; explicitFileType = wrapper.cfbundle; includeInIndex = 0; path = AlamofierDemoUITests.xctest; sourceTree = BUILT_PRODUCTS_DIR; };
		075D97CE293CEB62007DAC82 /* AlamofierDemoUITests.swift */ = {isa = PBXFileReference; lastKnownFileType = sourcecode.swift; path = AlamofierDemoUITests.swift; sourceTree = "<group>"; };
		075D97D0293CEB62007DAC82 /* Info.plist */ = {isa = PBXFileReference; lastKnownFileType = text.plist.xml; path = Info.plist; sourceTree = "<group>"; };
/* End PBXFileReference section */

/* Begin PBXFrameworksBuildPhase section */
		075D97A6293CEB61007DAC82 /* Frameworks */ = {
			isa = PBXFrameworksBuildPhase;
			buildActionMask = 2147483647;
			files = (
			);
			runOnlyForDeploymentPostprocessing = 0;
		};
		075D97BC293CEB62007DAC82 /* Frameworks */ = {
			isa = PBXFrameworksBuildPhase;
			buildActionMask = 2147483647;
			files = (
			);
			runOnlyForDeploymentPostprocessing = 0;
		};
		075D97C7293CEB62007DAC82 /* Frameworks */ = {
			isa = PBXFrameworksBuildPhase;
			buildActionMask = 2147483647;
			files = (
			);
			runOnlyForDeploymentPostprocessing = 0;
		};
/* End PBXFrameworksBuildPhase section */

/* Begin PBXGroup section */
		075D97A0293CEB61007DAC82 = {
			isa = PBXGroup;
			children = (
				075D97AB293CEB61007DAC82 /* AlamofierDemo */,
				075D97C2293CEB62007DAC82 /* AlamofierDemoTests */,
				075D97CD293CEB62007DAC82 /* AlamofierDemoUITests */,
				075D97AA293CEB61007DAC82 /* Products */,
			);
			sourceTree = "<group>";
		};
		075D97AA293CEB61007DAC82 /* Products */ = {
			isa = PBXGroup;
			children = (
				075D97A9293CEB61007DAC82 /* AlamofierDemo.app */,
				075D97BF293CEB62007DAC82 /* AlamofierDemoTests.xctest */,
				075D97CA293CEB62007DAC82 /* AlamofierDemoUITests.xctest */,
			);
			name = Products;
			sourceTree = "<group>";
		};
		075D97AB293CEB61007DAC82 /* AlamofierDemo */ = {
			isa = PBXGroup;
			children = (
				075D97AC293CEB61007DAC82 /* AppDelegate.swift */,
				075D97AE293CEB61007DAC82 /* SceneDelegate.swift */,
				075D97B0293CEB61007DAC82 /* ViewController.swift */,
				075D97B2293CEB61007DAC82 /* Main.storyboard */,
				075D97B5293CEB62007DAC82 /* Assets.xcassets */,
				075D97B7293CEB62007DAC82 /* LaunchScreen.storyboard */,
				075D97BA293CEB62007DAC82 /* Info.plist */,
			);
			path = AlamofierDemo;
			sourceTree = "<group>";
		};
		075D97C2293CEB62007DAC82 /* AlamofierDemoTests */ = {
			isa = PBXGroup;
			children = (
				075D97C3293CEB62007DAC82 /* AlamofierDemoTests.swift */,
				075D97C5293CEB62007DAC82 /* Info.plist */,
			);
			path = AlamofierDemoTests;
			sourceTree = "<group>";
		};
		075D97CD293CEB62007DAC82 /* AlamofierDemoUITests */ = {
			isa = PBXGroup;
			children = (
				075D97CE293CEB62007DAC82 /* AlamofierDemoUITests.swift */,
				075D97D0293CEB62007DAC82 /* Info.plist */,
			);
			path = AlamofierDemoUITests;
			sourceTree = "<group>";
		};
/* End PBXGroup section */

/* Begin PBXNativeTarget section */
		075D97A8293CEB61007DAC82 /* AlamofierDemo */ = {
			isa = PBXNativeTarget;
			buildConfigurationList = 075D97D3293CEB62007DAC82 /* Build configuration list for PBXNativeTarget "AlamofierDemo" */;
			buildPhases = (
				075D97A5293CEB61007DAC82 /* Sources */,
				075D97A6293CEB61007DAC82 /* Frameworks */,
				075D97A7293CEB61007DAC82 /* Resources */,
			);
			buildRules = (
			);
			dependencies = (
			);
			name = AlamofierDemo;
			productName = AlamofierDemo;
			productReference = 075D97A9293CEB61007DAC82 /* AlamofierDemo.app */;
			productType = "com.apple.product-type.application";
		};
		075D97BE293CEB62007DAC82 /* AlamofierDemoTests */ = {
			isa = PBXNativeTarget;
			buildConfigurationList = 075D97D6293CEB62007DAC82 /* Build configuration list for PBXNativeTarget "AlamofierDemoTests" */;
			buildPhases = (
				075D97BB293CEB62007DAC82 /* Sources */,
				075D97BC293CEB62007DAC82 /* Frameworks */,
				075D97BD293CEB62007DAC82 /* Resources */,
			);
			buildRules = (
			);
			dependencies = (
				075D97C1293CEB62007DAC82 /* PBXTargetDependency */,
			);
			name = AlamofierDemoTests;
			productName = AlamofierDemoTests;
			productReference = 075D97BF293CEB62007DAC82 /* AlamofierDemoTests.xctest */;
			productType = "com.apple.product-type.bundle.unit-test";
		};
		075D97C9293CEB62007DAC82 /* AlamofierDemoUITests */ = {
			isa = PBXNativeTarget;
			buildConfigurationList = 075D97D9293CEB62007DAC82 /* Build configuration list for PBXNativeTarget "AlamofierDemoUITests" */;
			buildPhases = (
				075D97C6293CEB62007DAC82 /* Sources */,
				075D97C7293CEB62007DAC82 /* Frameworks */,
				075D97C8293CEB62007DAC82 /* Resources */,
			);
			buildRules = (
			);
			dependencies = (
				075D97CC293CEB62007DAC82 /* PBXTargetDependency */,
			);
			name = AlamofierDemoUITests;
			productName = AlamofierDemoUITests;
			productReference = 075D97CA293CEB62007DAC82 /* AlamofierDemoUITests.xctest */;
			productType = "com.apple.product-type.bundle.ui-testing";
		};
/* End PBXNativeTarget section */

/* Begin PBXProject section */
		075D97A1293CEB61007DAC82 /* Project object */ = {
			isa = PBXProject;
			attributes = {
				LastSwiftUpdateCheck = 1240;
				LastUpgradeCheck = 1240;
				TargetAttributes = {
					075D97A8293CEB61007DAC82 = {
						CreatedOnToolsVersion = 12.4;
					};
					075D97BE293CEB62007DAC82 = {
						CreatedOnToolsVersion = 12.4;
						TestTargetID = 075D97A8293CEB61007DAC82;
					};
					075D97C9293CEB62007DAC82 = {
						CreatedOnToolsVersion = 12.4;
						TestTargetID = 075D97A8293CEB61007DAC82;
					};
				};
			};
			buildConfigurationList = 075D97A4293CEB61007DAC82 /* Build configuration list for PBXProject "AlamofierDemo" */;
			compatibilityVersion = "Xcode 9.3";
			developmentRegion = en;
			hasScannedForEncodings = 0;
			knownRegions = (
				en,
				Base,
			);
			mainGroup = 075D97A0293CEB61007DAC82;
			productRefGroup = 075D97AA293CEB61007DAC82 /* Products */;
			projectDirPath = "";
			projectRoot = "";
			targets = (
				075D97A8293CEB61007DAC82 /* AlamofierDemo */,
				075D97BE293CEB62007DAC82 /* AlamofierDemoTests */,
				075D97C9293CEB62007DAC82 /* AlamofierDemoUITests */,
			);
		};
/* End PBXProject section */

/* Begin PBXResourcesBuildPhase section */
		075D97A7293CEB61007DAC82 /* Resources */ = {
			isa = PBXResourcesBuildPhase;
			buildActionMask = 2147483647;
			files = (
				075D97B9293CEB62007DAC82 /* LaunchScreen.storyboard in Resources */,
				075D97B6293CEB62007DAC82 /* Assets.xcassets in Resources */,
				075D97B4293CEB61007DAC82 /* Main.storyboard in Resources */,
			);
			runOnlyForDeploymentPostprocessing = 0;
		};
		075D97BD293CEB62007DAC82 /* Resources */ = {
			isa = PBXResourcesBuildPhase;
			buildActionMask = 2147483647;
			files = (
			);
			runOnlyForDeploymentPostprocessing = 0;
		};
		075D97C8293CEB62007DAC82 /* Resources */ = {
			isa = PBXResourcesBuildPhase;
			buildActionMask = 2147483647;
			files = (
			);
			runOnlyForDeploymentPostprocessing = 0;
		};
/* End PBXResourcesBuildPhase section */

/* Begin PBXSourcesBuildPhase section */
		075D97A5293CEB61007DAC82 /* Sources */ = {
			isa = PBXSourcesBuildPhase;
			buildActionMask = 2147483647;
			files = (
				075D97B1293CEB61007DAC82 /* ViewController.swift in Sources */,
				075D97AD293CEB61007DAC82 /* AppDelegate.swift in Sources */,
				075D97AF293CEB61007DAC82 /* SceneDelegate.swift in Sources */,
			);
			runOnlyForDeploymentPostprocessing = 0;
		};
		075D97BB293CEB62007DAC82 /* Sources */ = {
			isa = PBXSourcesBuildPhase;
			buildActionMask = 2147483647;
			files = (
				075D97C4293CEB62007DAC82 /* AlamofierDemoTests.swift in Sources */,
			);
			runOnlyForDeploymentPostprocessing = 0;
		};
		075D97C6293CEB62007DAC82 /* Sources */ = {
			isa = PBXSourcesBuildPhase;
			buildActionMask = 2147483647;
			files = (
				075D97CF293CEB62007DAC82 /* AlamofierDemoUITests.swift in Sources */,
			);
			runOnlyForDeploymentPostprocessing = 0;
		};
/* End PBXSourcesBuildPhase section */

/* Begin PBXTargetDependency section */
		075D97C1293CEB62007DAC82 /* PBXTargetDependency */ = {
			isa = PBXTargetDependency;
			target = 075D97A8293CEB61007DAC82 /* AlamofierDemo */;
			targetProxy = 075D97C0293CEB62007DAC82 /* PBXContainerItemProxy */;
		};
		075D97CC293CEB62007DAC82 /* PBXTargetDependency */ = {
			isa = PBXTargetDependency;
			target = 075D97A8293CEB61007DAC82 /* AlamofierDemo */;
			targetProxy = 075D97CB293CEB62007DAC82 /* PBXContainerItemProxy */;
		};
/* End PBXTargetDependency section */

/* Begin PBXVariantGroup section */
		075D97B2293CEB61007DAC82 /* Main.storyboard */ = {
			isa = PBXVariantGroup;
			children = (
				075D97B3293CEB61007DAC82 /* Base */,
			);
			name = Main.storyboard;
			sourceTree = "<group>";
		};
		075D97B7293CEB62007DAC82 /* LaunchScreen.storyboard */ = {
			isa = PBXVariantGroup;
			children = (
				075D97B8293CEB62007DAC82 /* Base */,
			);
			name = LaunchScreen.storyboard;
			sourceTree = "<group>";
		};
/* End PBXVariantGroup section */

/* Begin XCBuildConfiguration section */
		075D97D1293CEB62007DAC82 /* Debug */ = {
			isa = XCBuildConfiguration;
			buildSettings = {
				ALWAYS_SEARCH_USER_PATHS = NO;
				CLANG_ANALYZER_NONNULL = YES;
				CLANG_ANALYZER_NUMBER_OBJECT_CONVERSION = YES_AGGRESSIVE;
				CLANG_CXX_LANGUAGE_STANDARD = "gnu++14";
				CLANG_CXX_LIBRARY = "libc++";
				CLANG_ENABLE_MODULES = YES;
				CLANG_ENABLE_OBJC_ARC = YES;
				CLANG_ENABLE_OBJC_WEAK = YES;
				CLANG_WARN_BLOCK_CAPTURE_AUTORELEASING = YES;
				CLANG_WARN_BOOL_CONVERSION = YES;
				CLANG_WARN_COMMA = YES;
				CLANG_WARN_CONSTANT_CONVERSION = YES;
				CLANG_WARN_DEPRECATED_OBJC_IMPLEMENTATIONS = YES;
				CLANG_WARN_DIRECT_OBJC_ISA_USAGE = YES_ERROR;
				CLANG_WARN_DOCUMENTATION_COMMENTS = YES;
				CLANG_WARN_EMPTY_BODY = YES;
				CLANG_WARN_ENUM_CONVERSION = YES;
				CLANG_WARN_INFINITE_RECURSION = YES;
				CLANG_WARN_INT_CONVERSION = YES;
				CLANG_WARN_NON_LITERAL_NULL_CONVERSION = YES;
				CLANG_WARN_OBJC_IMPLICIT_RETAIN_SELF = YES;
				CLANG_WARN_OBJC_LITERAL_CONVERSION = YES;
				CLANG_WARN_OBJC_ROOT_CLASS = YES_ERROR;
				CLANG_WARN_QUOTED_INCLUDE_IN_FRAMEWORK_HEADER = YES;
				CLANG_WARN_RANGE_LOOP_ANALYSIS = YES;
				CLANG_WARN_STRICT_PROTOTYPES = YES;
				CLANG_WARN_SUSPICIOUS_MOVE = YES;
				CLANG_WARN_UNGUARDED_AVAILABILITY = YES_AGGRESSIVE;
				CLANG_WARN_UNREACHABLE_CODE = YES;
				CLANG_WARN__DUPLICATE_METHOD_MATCH = YES;
				COPY_PHASE_STRIP = NO;
				DEBUG_INFORMATION_FORMAT = dwarf;
				ENABLE_STRICT_OBJC_MSGSEND = YES;
				ENABLE_TESTABILITY = YES;
				GCC_C_LANGUAGE_STANDARD = gnu11;
				GCC_DYNAMIC_NO_PIC = NO;
				GCC_NO_COMMON_BLOCKS = YES;
				GCC_OPTIMIZATION_LEVEL = 0;
				GCC_PREPROCESSOR_DEFINITIONS = (
					"DEBUG=1",
					"$(inherited)",
				);
				GCC_WARN_64_TO_32_BIT_CONVERSION = YES;
				GCC_WARN_ABOUT_RETURN_TYPE = YES_ERROR;
				GCC_WARN_UNDECLARED_SELECTOR = YES;
				GCC_WARN_UNINITIALIZED_AUTOS = YES_AGGRESSIVE;
				GCC_WARN_UNUSED_FUNCTION = YES;
				GCC_WARN_UNUSED_VARIABLE = YES;
				IPHONEOS_DEPLOYMENT_TARGET = 14.4;
				MTL_ENABLE_DEBUG_INFO = INCLUDE_SOURCE;
				MTL_FAST_MATH = YES;
				ONLY_ACTIVE_ARCH = YES;
				SDKROOT = iphoneos;
				SWIFT_ACTIVE_COMPILATION_CONDITIONS = DEBUG;
				SWIFT_OPTIMIZATION_LEVEL = "-Onone";
			};
			name = Debug;
		};
		075D97D2293CEB62007DAC82 /* Release */ = {
			isa = XCBuildConfiguration;
			buildSettings = {
				ALWAYS_SEARCH_USER_PATHS = NO;
				CLANG_ANALYZER_NONNULL = YES;
				CLANG_ANALYZER_NUMBER_OBJECT_CONVERSION = YES_AGGRESSIVE;
				CLANG_CXX_LANGUAGE_STANDARD = "gnu++14";
				CLANG_CXX_LIBRARY = "libc++";
				CLANG_ENABLE_MODULES = YES;
				CLANG_ENABLE_OBJC_ARC = YES;
				CLANG_ENABLE_OBJC_WEAK = YES;
				CLANG_WARN_BLOCK_CAPTURE_AUTORELEASING = YES;
				CLANG_WARN_BOOL_CONVERSION = YES;
				CLANG_WARN_COMMA = YES;
				CLANG_WARN_CONSTANT_CONVERSION = YES;
				CLANG_WARN_DEPRECATED_OBJC_IMPLEMENTATIONS = YES;
				CLANG_WARN_DIRECT_OBJC_ISA_USAGE = YES_ERROR;
				CLANG_WARN_DOCUMENTATION_COMMENTS = YES;
				CLANG_WARN_EMPTY_BODY = YES;
				CLANG_WARN_ENUM_CONVERSION = YES;
				CLANG_WARN_INFINITE_RECURSION = YES;
				CLANG_WARN_INT_CONVERSION = YES;
				CLANG_WARN_NON_LITERAL_NULL_CONVERSION = YES;
				CLANG_WARN_OBJC_IMPLICIT_RETAIN_SELF = YES;
				CLANG_WARN_OBJC_LITERAL_CONVERSION = YES;
				CLANG_WARN_OBJC_ROOT_CLASS = YES_ERROR;
				CLANG_WARN_QUOTED_INCLUDE_IN_FRAMEWORK_HEADER = YES;
				CLANG_WARN_RANGE_LOOP_ANALYSIS = YES;
				CLANG_WARN_STRICT_PROTOTYPES = YES;
				CLANG_WARN_SUSPICIOUS_MOVE = YES;
				CLANG_WARN_UNGUARDED_AVAILABILITY = YES_AGGRESSIVE;
				CLANG_WARN_UNREACHABLE_CODE = YES;
				CLANG_WARN__DUPLICATE_METHOD_MATCH = YES;
				COPY_PHASE_STRIP = NO;
				DEBUG_INFORMATION_FORMAT = "dwarf-with-dsym";
				ENABLE_NS_ASSERTIONS = NO;
				ENABLE_STRICT_OBJC_MSGSEND = YES;
				GCC_C_LANGUAGE_STANDARD = gnu11;
				GCC_NO_COMMON_BLOCKS = YES;
				GCC_WARN_64_TO_32_BIT_CONVERSION = YES;
				GCC_WARN_ABOUT_RETURN_TYPE = YES_ERROR;
				GCC_WARN_UNDECLARED_SELECTOR = YES;
				GCC_WARN_UNINITIALIZED_AUTOS = YES_AGGRESSIVE;
				GCC_WARN_UNUSED_FUNCTION = YES;
				GCC_WARN_UNUSED_VARIABLE = YES;
				IPHONEOS_DEPLOYMENT_TARGET = 14.4;
				MTL_ENABLE_DEBUG_INFO = NO;
				MTL_FAST_MATH = YES;
				SDKROOT = iphoneos;
				SWIFT_COMPILATION_MODE = wholemodule;
				SWIFT_OPTIMIZATION_LEVEL = "-O";
				VALIDATE_PRODUCT = YES;
			};
			name = Release;
		};
		075D97D4293CEB62007DAC82 /* Debug */ = {
			isa = XCBuildConfiguration;
			buildSettings = {
				ASSETCATALOG_COMPILER_APPICON_NAME = AppIcon;
				ASSETCATALOG_COMPILER_GLOBAL_ACCENT_COLOR_NAME = AccentColor;
				CODE_SIGN_STYLE = Automatic;
				DEVELOPMENT_TEAM = SAT68F6L25;
				INFOPLIST_FILE = AlamofierDemo/Info.plist;
				LD_RUNPATH_SEARCH_PATHS = (
					"$(inherited)",
					"@executable_path/Frameworks",
				);
				PRODUCT_BUNDLE_IDENTIFIER = com.Saga.DemoMapBox.AlamofierDemo;
				PRODUCT_NAME = "$(TARGET_NAME)";
				SWIFT_VERSION = 5.0;
				TARGETED_DEVICE_FAMILY = "1,2";
			};
			name = Debug;
		};
		075D97D5293CEB62007DAC82 /* Release */ = {
			isa = XCBuildConfiguration;
			buildSettings = {
				ASSETCATALOG_COMPILER_APPICON_NAME = AppIcon;
				ASSETCATALOG_COMPILER_GLOBAL_ACCENT_COLOR_NAME = AccentColor;
				CODE_SIGN_STYLE = Automatic;
				DEVELOPMENT_TEAM = SAT68F6L25;
				INFOPLIST_FILE = AlamofierDemo/Info.plist;
				LD_RUNPATH_SEARCH_PATHS = (
					"$(inherited)",
					"@executable_path/Frameworks",
				);
				PRODUCT_BUNDLE_IDENTIFIER = com.Saga.DemoMapBox.AlamofierDemo;
				PRODUCT_NAME = "$(TARGET_NAME)";
				SWIFT_VERSION = 5.0;
				TARGETED_DEVICE_FAMILY = "1,2";
			};
			name = Release;
		};
		075D97D7293CEB62007DAC82 /* Debug */ = {
			isa = XCBuildConfiguration;
			buildSettings = {
				ALWAYS_EMBED_SWIFT_STANDARD_LIBRARIES = YES;
				BUNDLE_LOADER = "$(TEST_HOST)";
				CODE_SIGN_STYLE = Automatic;
				DEVELOPMENT_TEAM = SAT68F6L25;
				INFOPLIST_FILE = AlamofierDemoTests/Info.plist;
				IPHONEOS_DEPLOYMENT_TARGET = 14.4;
				LD_RUNPATH_SEARCH_PATHS = (
					"$(inherited)",
					"@executable_path/Frameworks",
					"@loader_path/Frameworks",
				);
				PRODUCT_BUNDLE_IDENTIFIER = com.Saga.DemoMapBox.AlamofierDemoTests;
				PRODUCT_NAME = "$(TARGET_NAME)";
				SWIFT_VERSION = 5.0;
				TARGETED_DEVICE_FAMILY = "1,2";
				TEST_HOST = "$(BUILT_PRODUCTS_DIR)/AlamofierDemo.app/AlamofierDemo";
			};
			name = Debug;
		};
		075D97D8293CEB62007DAC82 /* Release */ = {
			isa = XCBuildConfiguration;
			buildSettings = {
				ALWAYS_EMBED_SWIFT_STANDARD_LIBRARIES = YES;
				BUNDLE_LOADER = "$(TEST_HOST)";
				CODE_SIGN_STYLE = Automatic;
				DEVELOPMENT_TEAM = SAT68F6L25;
				INFOPLIST_FILE = AlamofierDemoTests/Info.plist;
				IPHONEOS_DEPLOYMENT_TARGET = 14.4;
				LD_RUNPATH_SEARCH_PATHS = (
					"$(inherited)",
					"@executable_path/Frameworks",
					"@loader_path/Frameworks",
				);
				PRODUCT_BUNDLE_IDENTIFIER = com.Saga.DemoMapBox.AlamofierDemoTests;
				PRODUCT_NAME = "$(TARGET_NAME)";
				SWIFT_VERSION = 5.0;
				TARGETED_DEVICE_FAMILY = "1,2";
				TEST_HOST = "$(BUILT_PRODUCTS_DIR)/AlamofierDemo.app/AlamofierDemo";
			};
			name = Release;
		};
		075D97DA293CEB62007DAC82 /* Debug */ = {
			isa = XCBuildConfiguration;
			buildSettings = {
				ALWAYS_EMBED_SWIFT_STANDARD_LIBRARIES = YES;
				CODE_SIGN_STYLE = Automatic;
				DEVELOPMENT_TEAM = SAT68F6L25;
				INFOPLIST_FILE = AlamofierDemoUITests/Info.plist;
				LD_RUNPATH_SEARCH_PATHS = (
					"$(inherited)",
					"@executable_path/Frameworks",
					"@loader_path/Frameworks",
				);
				PRODUCT_BUNDLE_IDENTIFIER = com.Saga.DemoMapBox.AlamofierDemoUITests;
				PRODUCT_NAME = "$(TARGET_NAME)";
				SWIFT_VERSION = 5.0;
				TARGETED_DEVICE_FAMILY = "1,2";
				TEST_TARGET_NAME = AlamofierDemo;
			};
			name = Debug;
		};
		075D97DB293CEB62007DAC82 /* Release */ = {
			isa = XCBuildConfiguration;
			buildSettings = {
				ALWAYS_EMBED_SWIFT_STANDARD_LIBRARIES = YES;
				CODE_SIGN_STYLE = Automatic;
				DEVELOPMENT_TEAM = SAT68F6L25;
				INFOPLIST_FILE = AlamofierDemoUITests/Info.plist;
				LD_RUNPATH_SEARCH_PATHS = (
					"$(inherited)",
					"@executable_path/Frameworks",
					"@loader_path/Frameworks",
				);
				PRODUCT_BUNDLE_IDENTIFIER = com.Saga.DemoMapBox.AlamofierDemoUITests;
				PRODUCT_NAME = "$(TARGET_NAME)";
				SWIFT_VERSION = 5.0;
				TARGETED_DEVICE_FAMILY = "1,2";
				TEST_TARGET_NAME = AlamofierDemo;
			};
			name = Release;
		};
/* End XCBuildConfiguration section */

/* Begin XCConfigurationList section */
		075D97A4293CEB61007DAC82 /* Build configuration list for PBXProject "AlamofierDemo" */ = {
			isa = XCConfigurationList;
			buildConfigurations = (
				075D97D1293CEB62007DAC82 /* Debug */,
				075D97D2293CEB62007DAC82 /* Release */,
			);
			defaultConfigurationIsVisible = 0;
			defaultConfigurationName = Release;
		};
		075D97D3293CEB62007DAC82 /* Build configuration list for PBXNativeTarget "AlamofierDemo" */ = {
			isa = XCConfigurationList;
			buildConfigurations = (
				075D97D4293CEB62007DAC82 /* Debug */,
				075D97D5293CEB62007DAC82 /* Release */,
			);
			defaultConfigurationIsVisible = 0;
			defaultConfigurationName = Release;
		};
		075D97D6293CEB62007DAC82 /* Build configuration list for PBXNativeTarget "AlamofierDemoTests" */ = {
			isa = XCConfigurationList;
			buildConfigurations = (
				075D97D7293CEB62007DAC82 /* Debug */,
				075D97D8293CEB62007DAC82 /* Release */,
			);
			defaultConfigurationIsVisible = 0;
			defaultConfigurationName = Release;
		};
		075D97D9293CEB62007DAC82 /* Build configuration list for PBXNativeTarget "AlamofierDemoUITests" */ = {
			isa = XCConfigurationList;
			buildConfigurations = (
				075D97DA293CEB62007DAC82 /* Debug */,
				075D97DB293CEB62007DAC82 /* Release */,
			);
			defaultConfigurationIsVisible = 0;
			defaultConfigurationName = Release;
		};
/* End XCConfigurationList section */
	};
	rootObject = 075D97A1293CEB61007DAC82 /* Project object */;
}
